
Microsoft Visual Studio Solution File, Format Version 12.00
# Visual Studio Version 16
VisualStudioVersion = 16.0.30907.101
MinimumVisualStudioVersion = 10.0.40219.1
Project("{FAE04EC0-301F-11D3-BF4B-00C04F79EFBC}") = "kurs", "kurs\kurs.csproj", "{779FB16C-6BB7-4A3F-8734-E1C07D5E61BF}"
EndProject
Global
	GlobalSection(SolutionConfigurationPlatforms) = preSolution
		Debug|Any CPU = Debug|Any CPU
		Release|Any CPU = Release|Any CPU
	EndGlobalSection
	GlobalSection(ProjectConfigurationPlatforms) = postSolution
		{779FB16C-6BB7-4A3F-8734-E1C07D5E61BF}.Debug|Any CPU.ActiveCfg = Debug|Any CPU
		{779FB16C-6BB7-4A3F-8734-E1C07D5E61BF}.Debug|Any CPU.Build.0 = Debug|Any CPU
		{779FB16C-6BB7-4A3F-8734-E1C07D5E61BF}.Release|Any CPU.ActiveCfg = Release|Any CPU
		{779FB16C-6BB7-4A3F-8734-E1C07D5E61BF}.Release|Any CPU.Build.0 = Release|Any CPU
	EndGlobalSection
	GlobalSection(SolutionProperties) = preSolution
		HideSolutionNode = FALSE
	EndGlobalSection
	GlobalSection(ExtensibilityGlobals) = postSolution
		SolutionGuid = {D58B8B9E-A780-45EC-8927-D9FFA621D4AA}
	EndGlobalSection
EndGlobal
